
Microsoft Visual Studio Solution File, Format Version 12.00
# Visual Studio Version 17
VisualStudioVersion = 17.5.002.0
MinimumVisualStudioVersion = 10.0.40219.1
Project("{9A19103F-16F7-4668-BE54-9A1E7A4F7556}") = "CloudQATest", "CloudQATest\CloudQATest.csproj", "{0DA54802-7BDD-446E-8158-B66403CE6B56}"
EndProject
Global
	GlobalSection(SolutionConfigurationPlatforms) = preSolution
		Debug|Any CPU = Debug|Any CPU
		Release|Any CPU = Release|Any CPU
	EndGlobalSection
	GlobalSection(ProjectConfigurationPlatforms) = postSolution
		{0DA54802-7BDD-446E-8158-B66403CE6B56}.Debug|Any CPU.ActiveCfg = Debug|Any CPU
		{0DA54802-7BDD-446E-8158-B66403CE6B56}.Debug|Any CPU.Build.0 = Debug|Any CPU
		{0DA54802-7BDD-446E-8158-B66403CE6B56}.Release|Any CPU.ActiveCfg = Release|Any CPU
		{0DA54802-7BDD-446E-8158-B66403CE6B56}.Release|Any CPU.Build.0 = Release|Any CPU
	EndGlobalSection
	GlobalSection(SolutionProperties) = preSolution
		HideSolutionNode = FALSE
	EndGlobalSection
	GlobalSection(ExtensibilityGlobals) = postSolution
		SolutionGuid = {F536E1EA-71AD-42D1-A646-68C9D3041D36}
	EndGlobalSection
EndGlobal
